// !$*UTF8*$!
{
	archiveVersion = 1;
	classes = {
	};
	objectVersion = 56;
	objects = {

/* Begin PBXBuildFile section */
		2A782C962956FEA6009F0641 /* ToDo_PlusApp.swift in Sources */ = {isa = PBXBuildFile; fileRef = 2A782C952956FEA6009F0641 /* ToDo_PlusApp.swift */; };
		2A782C982956FEA6009F0641 /* ContentView.swift in Sources */ = {isa = PBXBuildFile; fileRef = 2A782C972956FEA6009F0641 /* ContentView.swift */; };
		2A782C9A2956FEAA009F0641 /* Assets.xcassets in Resources */ = {isa = PBXBuildFile; fileRef = 2A782C992956FEAA009F0641 /* Assets.xcassets */; };
		2A782C9D2956FEAA009F0641 /* Preview Assets.xcassets in Resources */ = {isa = PBXBuildFile; fileRef = 2A782C9C2956FEAA009F0641 /* Preview Assets.xcassets */; };
		2A782CA4295701C1009F0641 /* TaskListView.swift in Sources */ = {isa = PBXBuildFile; fileRef = 2A782CA3295701C1009F0641 /* TaskListView.swift */; };
		2A782CA62957E296009F0641 /* SubTaskListView.swift in Sources */ = {isa = PBXBuildFile; fileRef = 2A782CA52957E296009F0641 /* SubTaskListView.swift */; };
		8812086C448F1F525BF71409 /* Pods_ToDo_Plus.framework in Frameworks */ = {isa = PBXBuildFile; fileRef = D7C1F4F1582B48CC5A9B9344 /* Pods_ToDo_Plus.framework */; };
/* End PBXBuildFile section */

/* Begin PBXFileReference section */
		2A782C922956FEA6009F0641 /* ToDo-Plus.app */ = {isa = PBXFileReference; explicitFileType = wrapper.application; includeInIndex = 0; path = "ToDo-Plus.app"; sourceTree = BUILT_PRODUCTS_DIR; };
		2A782C952956FEA6009F0641 /* ToDo_PlusApp.swift */ = {isa = PBXFileReference; lastKnownFileType = sourcecode.swift; path = ToDo_PlusApp.swift; sourceTree = "<group>"; };
		2A782C972956FEA6009F0641 /* ContentView.swift */ = {isa = PBXFileReference; lastKnownFileType = sourcecode.swift; path = ContentView.swift; sourceTree = "<group>"; };
		2A782C992956FEAA009F0641 /* Assets.xcassets */ = {isa = PBXFileReference; lastKnownFileType = folder.assetcatalog; path = Assets.xcassets; sourceTree = "<group>"; };
		2A782C9C2956FEAA009F0641 /* Preview Assets.xcassets */ = {isa = PBXFileReference; lastKnownFileType = folder.assetcatalog; path = "Preview Assets.xcassets"; sourceTree = "<group>"; };
		2A782CA3295701C1009F0641 /* TaskListView.swift */ = {isa = PBXFileReference; lastKnownFileType = sourcecode.swift; path = TaskListView.swift; sourceTree = "<group>"; };
		2A782CA52957E296009F0641 /* SubTaskListView.swift */ = {isa = PBXFileReference; lastKnownFileType = sourcecode.swift; path = SubTaskListView.swift; sourceTree = "<group>"; };
		D7C1F4F1582B48CC5A9B9344 /* Pods_ToDo_Plus.framework */ = {isa = PBXFileReference; explicitFileType = wrapper.framework; includeInIndex = 0; path = Pods_ToDo_Plus.framework; sourceTree = BUILT_PRODUCTS_DIR; };
		DE0E52FB9FDEABEF11FB7DD2 /* Pods-ToDo-Plus.release.xcconfig */ = {isa = PBXFileReference; includeInIndex = 1; lastKnownFileType = text.xcconfig; name = "Pods-ToDo-Plus.release.xcconfig"; path = "Target Support Files/Pods-ToDo-Plus/Pods-ToDo-Plus.release.xcconfig"; sourceTree = "<group>"; };
		FB20E0CAAE2D13C7284B1969 /* Pods-ToDo-Plus.debug.xcconfig */ = {isa = PBXFileReference; includeInIndex = 1; lastKnownFileType = text.xcconfig; name = "Pods-ToDo-Plus.debug.xcconfig"; path = "Target Support Files/Pods-ToDo-Plus/Pods-ToDo-Plus.debug.xcconfig"; sourceTree = "<group>"; };
/* End PBXFileReference section */

/* Begin PBXFrameworksBuildPhase section */
		2A782C8F2956FEA6009F0641 /* Frameworks */ = {
			isa = PBXFrameworksBuildPhase;
			buildActionMask = 2147483647;
			files = (
				8812086C448F1F525BF71409 /* Pods_ToDo_Plus.framework in Frameworks */,
			);
			runOnlyForDeploymentPostprocessing = 0;
		};
/* End PBXFrameworksBuildPhase section */

/* Begin PBXGroup section */
		2846F64087FD222B660E30BD /* Pods */ = {
			isa = PBXGroup;
			children = (
				FB20E0CAAE2D13C7284B1969 /* Pods-ToDo-Plus.debug.xcconfig */,
				DE0E52FB9FDEABEF11FB7DD2 /* Pods-ToDo-Plus.release.xcconfig */,
			);
			name = Pods;
			path = Pods;
			sourceTree = "<group>";
		};
		2A782C892956FEA6009F0641 = {
			isa = PBXGroup;
			children = (
				2A782C942956FEA6009F0641 /* ToDo-Plus */,
				2A782C932956FEA6009F0641 /* Products */,
				2846F64087FD222B660E30BD /* Pods */,
				9E32C609D1777E511786DACB /* Frameworks */,
			);
			sourceTree = "<group>";
		};
		2A782C932956FEA6009F0641 /* Products */ = {
			isa = PBXGroup;
			children = (
				2A782C922956FEA6009F0641 /* ToDo-Plus.app */,
			);
			name = Products;
			sourceTree = "<group>";
		};
		2A782C942956FEA6009F0641 /* ToDo-Plus */ = {
			isa = PBXGroup;
			children = (
				2A782C952956FEA6009F0641 /* ToDo_PlusApp.swift */,
				2A782C972956FEA6009F0641 /* ContentView.swift */,
				2A782CA3295701C1009F0641 /* TaskListView.swift */,
				2A782CA52957E296009F0641 /* SubTaskListView.swift */,
				2A782C992956FEAA009F0641 /* Assets.xcassets */,
				2A782C9B2956FEAA009F0641 /* Preview Content */,
			);
			path = "ToDo-Plus";
			sourceTree = "<group>";
		};
		2A782C9B2956FEAA009F0641 /* Preview Content */ = {
			isa = PBXGroup;
			children = (
				2A782C9C2956FEAA009F0641 /* Preview Assets.xcassets */,
			);
			path = "Preview Content";
			sourceTree = "<group>";
		};
		9E32C609D1777E511786DACB /* Frameworks */ = {
			isa = PBXGroup;
			children = (
				D7C1F4F1582B48CC5A9B9344 /* Pods_ToDo_Plus.framework */,
			);
			name = Frameworks;
			sourceTree = "<group>";
		};
/* End PBXGroup section */

/* Begin PBXNativeTarget section */
		2A782C912956FEA6009F0641 /* ToDo-Plus */ = {
			isa = PBXNativeTarget;
			buildConfigurationList = 2A782CA02956FEAA009F0641 /* Build configuration list for PBXNativeTarget "ToDo-Plus" */;
			buildPhases = (
				E379EC80AB9FC6A020F75065 /* [CP] Check Pods Manifest.lock */,
				2A782C8E2956FEA6009F0641 /* Sources */,
				2A782C8F2956FEA6009F0641 /* Frameworks */,
				2A782C902956FEA6009F0641 /* Resources */,
				7DC898C3596FE74FC84D883C /* [CP] Embed Pods Frameworks */,
			);
			buildRules = (
			);
			dependencies = (
			);
			name = "ToDo-Plus";
			productName = "ToDo-Plus";
			productReference = 2A782C922956FEA6009F0641 /* ToDo-Plus.app */;
			productType = "com.apple.product-type.application";
		};
/* End PBXNativeTarget section */

/* Begin PBXProject section */
		2A782C8A2956FEA6009F0641 /* Project object */ = {
			isa = PBXProject;
			attributes = {
				BuildIndependentTargetsInParallel = 1;
				LastSwiftUpdateCheck = 1420;
				LastUpgradeCheck = 1420;
				TargetAttributes = {
					2A782C912956FEA6009F0641 = {
						CreatedOnToolsVersion = 14.2;
					};
				};
			};
			buildConfigurationList = 2A782C8D2956FEA6009F0641 /* Build configuration list for PBXProject "ToDo-Plus" */;
			compatibilityVersion = "Xcode 14.0";
			developmentRegion = en;
			hasScannedForEncodings = 0;
			knownRegions = (
				en,
				Base,
			);
			mainGroup = 2A782C892956FEA6009F0641;
			productRefGroup = 2A782C932956FEA6009F0641 /* Products */;
			projectDirPath = "";
			projectRoot = "";
			targets = (
				2A782C912956FEA6009F0641 /* ToDo-Plus */,
			);
		};
/* End PBXProject section */

/* Begin PBXResourcesBuildPhase section */
		2A782C902956FEA6009F0641 /* Resources */ = {
			isa = PBXResourcesBuildPhase;
			buildActionMask = 2147483647;
			files = (
				2A782C9D2956FEAA009F0641 /* Preview Assets.xcassets in Resources */,
				2A782C9A2956FEAA009F0641 /* Assets.xcassets in Resources */,
			);
			runOnlyForDeploymentPostprocessing = 0;
		};
/* End PBXResourcesBuildPhase section */

/* Begin PBXShellScriptBuildPhase section */
		7DC898C3596FE74FC84D883C /* [CP] Embed Pods Frameworks */ = {
			isa = PBXShellScriptBuildPhase;
			buildActionMask = 2147483647;
			files = (
			);
			inputFileListPaths = (
				"${PODS_ROOT}/Target Support Files/Pods-ToDo-Plus/Pods-ToDo-Plus-frameworks-${CONFIGURATION}-input-files.xcfilelist",
			);
			name = "[CP] Embed Pods Frameworks";
			outputFileListPaths = (
				"${PODS_ROOT}/Target Support Files/Pods-ToDo-Plus/Pods-ToDo-Plus-frameworks-${CONFIGURATION}-output-files.xcfilelist",
			);
			runOnlyForDeploymentPostprocessing = 0;
			shellPath = /bin/sh;
			shellScript = "\"${PODS_ROOT}/Target Support Files/Pods-ToDo-Plus/Pods-ToDo-Plus-frameworks.sh\"\n";
			showEnvVarsInLog = 0;
		};
		E379EC80AB9FC6A020F75065 /* [CP] Check Pods Manifest.lock */ = {
			isa = PBXShellScriptBuildPhase;
			buildActionMask = 2147483647;
			files = (
			);
			inputFileListPaths = (
			);
			inputPaths = (
				"${PODS_PODFILE_DIR_PATH}/Podfile.lock",
				"${PODS_ROOT}/Manifest.lock",
			);
			name = "[CP] Check Pods Manifest.lock";
			outputFileListPaths = (
			);
			outputPaths = (
				"$(DERIVED_FILE_DIR)/Pods-ToDo-Plus-checkManifestLockResult.txt",
			);
			runOnlyForDeploymentPostprocessing = 0;
			shellPath = /bin/sh;
			shellScript = "diff \"${PODS_PODFILE_DIR_PATH}/Podfile.lock\" \"${PODS_ROOT}/Manifest.lock\" > /dev/null\nif [ $? != 0 ] ; then\n    # print error to STDERR\n    echo \"error: The sandbox is not in sync with the Podfile.lock. Run 'pod install' or update your CocoaPods installation.\" >&2\n    exit 1\nfi\n# This output is used by Xcode 'outputs' to avoid re-running this script phase.\necho \"SUCCESS\" > \"${SCRIPT_OUTPUT_FILE_0}\"\n";
			showEnvVarsInLog = 0;
		};
/* End PBXShellScriptBuildPhase section */

/* Begin PBXSourcesBuildPhase section */
		2A782C8E2956FEA6009F0641 /* Sources */ = {
			isa = PBXSourcesBuildPhase;
			buildActionMask = 2147483647;
			files = (
				2A782CA62957E296009F0641 /* SubTaskListView.swift in Sources */,
				2A782C982956FEA6009F0641 /* ContentView.swift in Sources */,
				2A782C962956FEA6009F0641 /* ToDo_PlusApp.swift in Sources */,
				2A782CA4295701C1009F0641 /* TaskListView.swift in Sources */,
			);
			runOnlyForDeploymentPostprocessing = 0;
		};
/* End PBXSourcesBuildPhase section */

/* Begin XCBuildConfiguration section */
		2A782C9E2956FEAA009F0641 /* Debug */ = {
			isa = XCBuildConfiguration;
			buildSettings = {
				ALWAYS_SEARCH_USER_PATHS = NO;
				CLANG_ANALYZER_NONNULL = YES;
				CLANG_ANALYZER_NUMBER_OBJECT_CONVERSION = YES_AGGRESSIVE;
				CLANG_CXX_LANGUAGE_STANDARD = "gnu++20";
				CLANG_ENABLE_MODULES = YES;
				CLANG_ENABLE_OBJC_ARC = YES;
				CLANG_ENABLE_OBJC_WEAK = YES;
				CLANG_WARN_BLOCK_CAPTURE_AUTORELEASING = YES;
				CLANG_WARN_BOOL_CONVERSION = YES;
				CLANG_WARN_COMMA = YES;
				CLANG_WARN_CONSTANT_CONVERSION = YES;
				CLANG_WARN_DEPRECATED_OBJC_IMPLEMENTATIONS = YES;
				CLANG_WARN_DIRECT_OBJC_ISA_USAGE = YES_ERROR;
				CLANG_WARN_DOCUMENTATION_COMMENTS = YES;
				CLANG_WARN_EMPTY_BODY = YES;
				CLANG_WARN_ENUM_CONVERSION = YES;
				CLANG_WARN_INFINITE_RECURSION = YES;
				CLANG_WARN_INT_CONVERSION = YES;
				CLANG_WARN_NON_LITERAL_NULL_CONVERSION = YES;
				CLANG_WARN_OBJC_IMPLICIT_RETAIN_SELF = YES;
				CLANG_WARN_OBJC_LITERAL_CONVERSION = YES;
				CLANG_WARN_OBJC_ROOT_CLASS = YES_ERROR;
				CLANG_WARN_QUOTED_INCLUDE_IN_FRAMEWORK_HEADER = YES;
				CLANG_WARN_RANGE_LOOP_ANALYSIS = YES;
				CLANG_WARN_STRICT_PROTOTYPES = YES;
				CLANG_WARN_SUSPICIOUS_MOVE = YES;
				CLANG_WARN_UNGUARDED_AVAILABILITY = YES_AGGRESSIVE;
				CLANG_WARN_UNREACHABLE_CODE = YES;
				CLANG_WARN__DUPLICATE_METHOD_MATCH = YES;
				COPY_PHASE_STRIP = NO;
				DEBUG_INFORMATION_FORMAT = dwarf;
				ENABLE_STRICT_OBJC_MSGSEND = YES;
				ENABLE_TESTABILITY = YES;
				GCC_C_LANGUAGE_STANDARD = gnu11;
				GCC_DYNAMIC_NO_PIC = NO;
				GCC_NO_COMMON_BLOCKS = YES;
				GCC_OPTIMIZATION_LEVEL = 0;
				GCC_PREPROCESSOR_DEFINITIONS = (
					"DEBUG=1",
					"$(inherited)",
				);
				GCC_WARN_64_TO_32_BIT_CONVERSION = YES;
				GCC_WARN_ABOUT_RETURN_TYPE = YES_ERROR;
				GCC_WARN_UNDECLARED_SELECTOR = YES;
				GCC_WARN_UNINITIALIZED_AUTOS = YES_AGGRESSIVE;
				GCC_WARN_UNUSED_FUNCTION = YES;
				GCC_WARN_UNUSED_VARIABLE = YES;
				IPHONEOS_DEPLOYMENT_TARGET = 16.2;
				MTL_ENABLE_DEBUG_INFO = INCLUDE_SOURCE;
				MTL_FAST_MATH = YES;
				ONLY_ACTIVE_ARCH = YES;
				SDKROOT = iphoneos;
				SWIFT_ACTIVE_COMPILATION_CONDITIONS = DEBUG;
				SWIFT_OPTIMIZATION_LEVEL = "-Onone";
			};
			name = Debug;
		};
		2A782C9F2956FEAA009F0641 /* Release */ = {
			isa = XCBuildConfiguration;
			buildSettings = {
				ALWAYS_SEARCH_USER_PATHS = NO;
				CLANG_ANALYZER_NONNULL = YES;
				CLANG_ANALYZER_NUMBER_OBJECT_CONVERSION = YES_AGGRESSIVE;
				CLANG_CXX_LANGUAGE_STANDARD = "gnu++20";
				CLANG_ENABLE_MODULES = YES;
				CLANG_ENABLE_OBJC_ARC = YES;
				CLANG_ENABLE_OBJC_WEAK = YES;
				CLANG_WARN_BLOCK_CAPTURE_AUTORELEASING = YES;
				CLANG_WARN_BOOL_CONVERSION = YES;
				CLANG_WARN_COMMA = YES;
				CLANG_WARN_CONSTANT_CONVERSION = YES;
				CLANG_WARN_DEPRECATED_OBJC_IMPLEMENTATIONS = YES;
				CLANG_WARN_DIRECT_OBJC_ISA_USAGE = YES_ERROR;
				CLANG_WARN_DOCUMENTATION_COMMENTS = YES;
				CLANG_WARN_EMPTY_BODY = YES;
				CLANG_WARN_ENUM_CONVERSION = YES;
				CLANG_WARN_INFINITE_RECURSION = YES;
				CLANG_WARN_INT_CONVERSION = YES;
				CLANG_WARN_NON_LITERAL_NULL_CONVERSION = YES;
				CLANG_WARN_OBJC_IMPLICIT_RETAIN_SELF = YES;
				CLANG_WARN_OBJC_LITERAL_CONVERSION = YES;
				CLANG_WARN_OBJC_ROOT_CLASS = YES_ERROR;
				CLANG_WARN_QUOTED_INCLUDE_IN_FRAMEWORK_HEADER = YES;
				CLANG_WARN_RANGE_LOOP_ANALYSIS = YES;
				CLANG_WARN_STRICT_PROTOTYPES = YES;
				CLANG_WARN_SUSPICIOUS_MOVE = YES;
				CLANG_WARN_UNGUARDED_AVAILABILITY = YES_AGGRESSIVE;
				CLANG_WARN_UNREACHABLE_CODE = YES;
				CLANG_WARN__DUPLICATE_METHOD_MATCH = YES;
				COPY_PHASE_STRIP = NO;
				DEBUG_INFORMATION_FORMAT = "dwarf-with-dsym";
				ENABLE_NS_ASSERTIONS = NO;
				ENABLE_STRICT_OBJC_MSGSEND = YES;
				GCC_C_LANGUAGE_STANDARD = gnu11;
				GCC_NO_COMMON_BLOCKS = YES;
				GCC_WARN_64_TO_32_BIT_CONVERSION = YES;
				GCC_WARN_ABOUT_RETURN_TYPE = YES_ERROR;
				GCC_WARN_UNDECLARED_SELECTOR = YES;
				GCC_WARN_UNINITIALIZED_AUTOS = YES_AGGRESSIVE;
				GCC_WARN_UNUSED_FUNCTION = YES;
				GCC_WARN_UNUSED_VARIABLE = YES;
				IPHONEOS_DEPLOYMENT_TARGET = 16.2;
				MTL_ENABLE_DEBUG_INFO = NO;
				MTL_FAST_MATH = YES;
				SDKROOT = iphoneos;
				SWIFT_COMPILATION_MODE = wholemodule;
				SWIFT_OPTIMIZATION_LEVEL = "-O";
				VALIDATE_PRODUCT = YES;
			};
			name = Release;
		};
		2A782CA12956FEAA009F0641 /* Debug */ = {
			isa = XCBuildConfiguration;
			baseConfigurationReference = FB20E0CAAE2D13C7284B1969 /* Pods-ToDo-Plus.debug.xcconfig */;
			buildSettings = {
				ASSETCATALOG_COMPILER_APPICON_NAME = AppIcon;
				ASSETCATALOG_COMPILER_GLOBAL_ACCENT_COLOR_NAME = AccentColor;
				CODE_SIGN_STYLE = Automatic;
				CURRENT_PROJECT_VERSION = 1;
				DEVELOPMENT_ASSET_PATHS = "\"ToDo-Plus/Preview Content\"";
				ENABLE_PREVIEWS = YES;
				GENERATE_INFOPLIST_FILE = YES;
				INFOPLIST_KEY_UIApplicationSceneManifest_Generation = YES;
				INFOPLIST_KEY_UIApplicationSupportsIndirectInputEvents = YES;
				INFOPLIST_KEY_UILaunchScreen_Generation = YES;
				INFOPLIST_KEY_UISupportedInterfaceOrientations_iPad = "UIInterfaceOrientationPortrait UIInterfaceOrientationPortraitUpsideDown UIInterfaceOrientationLandscapeLeft UIInterfaceOrientationLandscapeRight";
				INFOPLIST_KEY_UISupportedInterfaceOrientations_iPhone = "UIInterfaceOrientationPortrait UIInterfaceOrientationLandscapeLeft UIInterfaceOrientationLandscapeRight";
				LD_RUNPATH_SEARCH_PATHS = (
					"$(inherited)",
					"@executable_path/Frameworks",
				);
				MARKETING_VERSION = 1.0;
				PRODUCT_BUNDLE_IDENTIFIER = "Ryo-Teranaka.ToDo-Plus";
				PRODUCT_NAME = "$(TARGET_NAME)";
				SWIFT_EMIT_LOC_STRINGS = YES;
				SWIFT_VERSION = 5.0;
				TARGETED_DEVICE_FAMILY = "1,2";
			};
			name = Debug;
		};
		2A782CA22956FEAA009F0641 /* Release */ = {
			isa = XCBuildConfiguration;
			baseConfigurationReference = DE0E52FB9FDEABEF11FB7DD2 /* Pods-ToDo-Plus.release.xcconfig */;
			buildSettings = {
				ASSETCATALOG_COMPILER_APPICON_NAME = AppIcon;
				ASSETCATALOG_COMPILER_GLOBAL_ACCENT_COLOR_NAME = AccentColor;
				CODE_SIGN_STYLE = Automatic;
				CURRENT_PROJECT_VERSION = 1;
				DEVELOPMENT_ASSET_PATHS = "\"ToDo-Plus/Preview Content\"";
				ENABLE_PREVIEWS = YES;
				GENERATE_INFOPLIST_FILE = YES;
				INFOPLIST_KEY_UIApplicationSceneManifest_Generation = YES;
				INFOPLIST_KEY_UIApplicationSupportsIndirectInputEvents = YES;
				INFOPLIST_KEY_UILaunchScreen_Generation = YES;
				INFOPLIST_KEY_UISupportedInterfaceOrientations_iPad = "UIInterfaceOrientationPortrait UIInterfaceOrientationPortraitUpsideDown UIInterfaceOrientationLandscapeLeft UIInterfaceOrientationLandscapeRight";
				INFOPLIST_KEY_UISupportedInterfaceOrientations_iPhone = "UIInterfaceOrientationPortrait UIInterfaceOrientationLandscapeLeft UIInterfaceOrientationLandscapeRight";
				LD_RUNPATH_SEARCH_PATHS = (
					"$(inherited)",
					"@executable_path/Frameworks",
				);
				MARKETING_VERSION = 1.0;
				PRODUCT_BUNDLE_IDENTIFIER = "Ryo-Teranaka.ToDo-Plus";
				PRODUCT_NAME = "$(TARGET_NAME)";
				SWIFT_EMIT_LOC_STRINGS = YES;
				SWIFT_VERSION = 5.0;
				TARGETED_DEVICE_FAMILY = "1,2";
			};
			name = Release;
		};
/* End XCBuildConfiguration section */

/* Begin XCConfigurationList section */
		2A782C8D2956FEA6009F0641 /* Build configuration list for PBXProject "ToDo-Plus" */ = {
			isa = XCConfigurationList;
			buildConfigurations = (
				2A782C9E2956FEAA009F0641 /* Debug */,
				2A782C9F2956FEAA009F0641 /* Release */,
			);
			defaultConfigurationIsVisible = 0;
			defaultConfigurationName = Release;
		};
		2A782CA02956FEAA009F0641 /* Build configuration list for PBXNativeTarget "ToDo-Plus" */ = {
			isa = XCConfigurationList;
			buildConfigurations = (
				2A782CA12956FEAA009F0641 /* Debug */,
				2A782CA22956FEAA009F0641 /* Release */,
			);
			defaultConfigurationIsVisible = 0;
			defaultConfigurationName = Release;
		};
/* End XCConfigurationList section */
	};
	rootObject = 2A782C8A2956FEA6009F0641 /* Project object */;
}
